{
  "originHash" : "c630779286f2e2fbb16724e8447dbdb65ae5642105b1248c48ad9c283fc69b20",
  "pins" : [
    {
      "identity" : "swift-asn1",
      "kind" : "remoteSourceControl",
      "location" : "https://github.com/apple/swift-asn1.git",
      "state" : {
        "revision" : "a9a5efd40eaf558a2bcd48d64b1d1646be686008",
        "version" : "1.7.1"
      }
    },
    {
      "identity" : "swift-crypto",
      "kind" : "remoteSourceControl",
      "location" : "https://github.com/apple/swift-crypto.git",
      "state" : {
        "revision" : "a9d1d5ab8951ada40cafff8c8e2b551dfde4f390",
        "version" : "5.0.0"
      }
    },
    {
      "identity" : "swift-secret-bytes",
      "kind" : "remoteSourceControl",
      "location" : "https://github.com/germ-network/swift-secret-bytes.git",
      "state" : {
        "revision" : "8cadb9c25f855f6c1db4985c97a28af4dcf391dc",
        "version" : "0.5.0"
      }
    }
  ],
  "version" : 3
}
